
Microsoft Visual Studio Solution File, Format Version 10.00
# Visual Studio 2008
Project("{8BC9CEB8-8B4A-11D0-8D11-00A0C91BC942}") = "simc", "simc.vcproj", "{00058543-E5EA-1540-B535-BCE859AA319E}"
EndProject
Project("{8BC9CEB8-8B4A-11D0-8D11-00A0C91BC942}") = "evds", "evds.vcproj", "{5F8AC3D4-8BA3-6942-8CF2-2586AC3111D0}"
	ProjectSection(ProjectDependencies) = postProject
		{00058543-E5EA-1540-B535-BCE859AA319E} = {00058543-E5EA-1540-B535-BCE859AA319E}
	EndProjectSection
EndProject
Project("{8BC9CEB8-8B4A-11D0-8D11-00A0C91BC942}") = "evds_tutorials", "evds_tutorials.vcproj", "{40641FCD-CECA-4F4A-B623-530A38CDEF95}"
	ProjectSection(ProjectDependencies) = postProject
		{5F8AC3D4-8BA3-6942-8CF2-2586AC3111D0} = {5F8AC3D4-8BA3-6942-8CF2-2586AC3111D0}
	EndProjectSection
EndProject
Project("{8BC9CEB8-8B4A-11D0-8D11-00A0C91BC942}") = "rdrs", "rdrs.vcproj", "{0C074FB8-B905-194D-A66E-5D18605489E9}"
	ProjectSection(ProjectDependencies) = postProject
		{00058543-E5EA-1540-B535-BCE859AA319E} = {00058543-E5EA-1540-B535-BCE859AA319E}
	EndProjectSection
EndProject
Project("{8BC9CEB8-8B4A-11D0-8D11-00A0C91BC942}") = "rdrs_test", "rdrs_test.vcproj", "{FDB4D7CF-0F81-6E41-AF80-32033E381550}"
	ProjectSection(ProjectDependencies) = postProject
		{0C074FB8-B905-194D-A66E-5D18605489E9} = {0C074FB8-B905-194D-A66E-5D18605489E9}
	EndProjectSection
EndProject
Project("{8BC9CEB8-8B4A-11D0-8D11-00A0C91BC942}") = "mongo-c-driver", "mongo-c-driver.vcproj", "{47AD2AB0-C848-4346-8A79-2BC76324294B}"
EndProject
Project("{8BC9CEB8-8B4A-11D0-8D11-00A0C91BC942}") = "vsfl_server", "vsfl_server.vcproj", "{C84AD4D2-2D63-1842-871E-30B7C71BEA58}"
	ProjectSection(ProjectDependencies) = postProject
		{0C074FB8-B905-194D-A66E-5D18605489E9} = {0C074FB8-B905-194D-A66E-5D18605489E9}
		{5F8AC3D4-8BA3-6942-8CF2-2586AC3111D0} = {5F8AC3D4-8BA3-6942-8CF2-2586AC3111D0}
		{47AD2AB0-C848-4346-8A79-2BC76324294B} = {47AD2AB0-C848-4346-8A79-2BC76324294B}
	EndProjectSection
EndProject
Global
	GlobalSection(SolutionConfigurationPlatforms) = preSolution
		Debug|Win32 = Debug|Win32
		Debug|x64 = Debug|x64
		Release|Win32 = Release|Win32
		Release|x64 = Release|x64
		DebugDynamic|Win32 = DebugDynamic|Win32
		DebugDynamic|x64 = DebugDynamic|x64
		ReleaseDynamic|Win32 = ReleaseDynamic|Win32
		ReleaseDynamic|x64 = ReleaseDynamic|x64
		DebugSingleThread|Win32 = DebugSingleThread|Win32
		DebugSingleThread|x64 = DebugSingleThread|x64
		ReleaseSingleThread|Win32 = ReleaseSingleThread|Win32
		ReleaseSingleThread|x64 = ReleaseSingleThread|x64
		DebugSingleThreadDynamic|Win32 = DebugSingleThreadDynamic|Win32
		DebugSingleThreadDynamic|x64 = DebugSingleThreadDynamic|x64
		ReleaseSingleThreadDynamic|Win32 = ReleaseSingleThreadDynamic|Win32
		ReleaseSingleThreadDynamic|x64 = ReleaseSingleThreadDynamic|x64
	EndGlobalSection
	GlobalSection(ProjectConfigurationPlatforms) = postSolution
		{00058543-E5EA-1540-B535-BCE859AA319E}.Debug|Win32.ActiveCfg = Debug|Win32
		{00058543-E5EA-1540-B535-BCE859AA319E}.Debug|Win32.Build.0 = Debug|Win32
		{00058543-E5EA-1540-B535-BCE859AA319E}.Debug|x64.ActiveCfg = Debug|x64
		{00058543-E5EA-1540-B535-BCE859AA319E}.Debug|x64.Build.0 = Debug|x64
		{00058543-E5EA-1540-B535-BCE859AA319E}.Release|Win32.ActiveCfg = Release|Win32
		{00058543-E5EA-1540-B535-BCE859AA319E}.Release|Win32.Build.0 = Release|Win32
		{00058543-E5EA-1540-B535-BCE859AA319E}.Release|x64.ActiveCfg = Release|x64
		{00058543-E5EA-1540-B535-BCE859AA319E}.Release|x64.Build.0 = Release|x64
		{00058543-E5EA-1540-B535-BCE859AA319E}.DebugDynamic|Win32.ActiveCfg = DebugDynamic|Win32
		{00058543-E5EA-1540-B535-BCE859AA319E}.DebugDynamic|Win32.Build.0 = DebugDynamic|Win32
		{00058543-E5EA-1540-B535-BCE859AA319E}.DebugDynamic|x64.ActiveCfg = DebugDynamic|x64
		{00058543-E5EA-1540-B535-BCE859AA319E}.DebugDynamic|x64.Build.0 = DebugDynamic|x64
		{00058543-E5EA-1540-B535-BCE859AA319E}.ReleaseDynamic|Win32.ActiveCfg = ReleaseDynamic|Win32
		{00058543-E5EA-1540-B535-BCE859AA319E}.ReleaseDynamic|Win32.Build.0 = ReleaseDynamic|Win32
		{00058543-E5EA-1540-B535-BCE859AA319E}.ReleaseDynamic|x64.ActiveCfg = ReleaseDynamic|x64
		{00058543-E5EA-1540-B535-BCE859AA319E}.ReleaseDynamic|x64.Build.0 = ReleaseDynamic|x64
		{00058543-E5EA-1540-B535-BCE859AA319E}.DebugSingleThread|Win32.ActiveCfg = DebugSingleThread|Win32
		{00058543-E5EA-1540-B535-BCE859AA319E}.DebugSingleThread|Win32.Build.0 = DebugSingleThread|Win32
		{00058543-E5EA-1540-B535-BCE859AA319E}.DebugSingleThread|x64.ActiveCfg = DebugSingleThread|x64
		{00058543-E5EA-1540-B535-BCE859AA319E}.DebugSingleThread|x64.Build.0 = DebugSingleThread|x64
		{00058543-E5EA-1540-B535-BCE859AA319E}.ReleaseSingleThread|Win32.ActiveCfg = ReleaseSingleThread|Win32
		{00058543-E5EA-1540-B535-BCE859AA319E}.ReleaseSingleThread|Win32.Build.0 = ReleaseSingleThread|Win32
		{00058543-E5EA-1540-B535-BCE859AA319E}.ReleaseSingleThread|x64.ActiveCfg = ReleaseSingleThread|x64
		{00058543-E5EA-1540-B535-BCE859AA319E}.ReleaseSingleThread|x64.Build.0 = ReleaseSingleThread|x64
		{00058543-E5EA-1540-B535-BCE859AA319E}.DebugSingleThreadDynamic|Win32.ActiveCfg = DebugSingleThreadDynamic|Win32
		{00058543-E5EA-1540-B535-BCE859AA319E}.DebugSingleThreadDynamic|Win32.Build.0 = DebugSingleThreadDynamic|Win32
		{00058543-E5EA-1540-B535-BCE859AA319E}.DebugSingleThreadDynamic|x64.ActiveCfg = DebugSingleThreadDynamic|x64
		{00058543-E5EA-1540-B535-BCE859AA319E}.DebugSingleThreadDynamic|x64.Build.0 = DebugSingleThreadDynamic|x64
		{00058543-E5EA-1540-B535-BCE859AA319E}.ReleaseSingleThreadDynamic|Win32.ActiveCfg = ReleaseSingleThreadDynamic|Win32
		{00058543-E5EA-1540-B535-BCE859AA319E}.ReleaseSingleThreadDynamic|Win32.Build.0 = ReleaseSingleThreadDynamic|Win32
		{00058543-E5EA-1540-B535-BCE859AA319E}.ReleaseSingleThreadDynamic|x64.ActiveCfg = ReleaseSingleThreadDynamic|x64
		{00058543-E5EA-1540-B535-BCE859AA319E}.ReleaseSingleThreadDynamic|x64.Build.0 = ReleaseSingleThreadDynamic|x64
		{5F8AC3D4-8BA3-6942-8CF2-2586AC3111D0}.Debug|Win32.ActiveCfg = Debug|Win32
		{5F8AC3D4-8BA3-6942-8CF2-2586AC3111D0}.Debug|Win32.Build.0 = Debug|Win32
		{5F8AC3D4-8BA3-6942-8CF2-2586AC3111D0}.Debug|x64.ActiveCfg = Debug|x64
		{5F8AC3D4-8BA3-6942-8CF2-2586AC3111D0}.Debug|x64.Build.0 = Debug|x64
		{5F8AC3D4-8BA3-6942-8CF2-2586AC3111D0}.Release|Win32.ActiveCfg = Release|Win32
		{5F8AC3D4-8BA3-6942-8CF2-2586AC3111D0}.Release|Win32.Build.0 = Release|Win32
		{5F8AC3D4-8BA3-6942-8CF2-2586AC3111D0}.Release|x64.ActiveCfg = Release|x64
		{5F8AC3D4-8BA3-6942-8CF2-2586AC3111D0}.Release|x64.Build.0 = Release|x64
		{5F8AC3D4-8BA3-6942-8CF2-2586AC3111D0}.DebugDynamic|Win32.ActiveCfg = DebugDynamic|Win32
		{5F8AC3D4-8BA3-6942-8CF2-2586AC3111D0}.DebugDynamic|Win32.Build.0 = DebugDynamic|Win32
		{5F8AC3D4-8BA3-6942-8CF2-2586AC3111D0}.DebugDynamic|x64.ActiveCfg = DebugDynamic|x64
		{5F8AC3D4-8BA3-6942-8CF2-2586AC3111D0}.DebugDynamic|x64.Build.0 = DebugDynamic|x64
		{5F8AC3D4-8BA3-6942-8CF2-2586AC3111D0}.ReleaseDynamic|Win32.ActiveCfg = ReleaseDynamic|Win32
		{5F8AC3D4-8BA3-6942-8CF2-2586AC3111D0}.ReleaseDynamic|Win32.Build.0 = ReleaseDynamic|Win32
		{5F8AC3D4-8BA3-6942-8CF2-2586AC3111D0}.ReleaseDynamic|x64.ActiveCfg = ReleaseDynamic|x64
		{5F8AC3D4-8BA3-6942-8CF2-2586AC3111D0}.ReleaseDynamic|x64.Build.0 = ReleaseDynamic|x64
		{5F8AC3D4-8BA3-6942-8CF2-2586AC3111D0}.DebugSingleThread|Win32.ActiveCfg = DebugSingleThread|Win32
		{5F8AC3D4-8BA3-6942-8CF2-2586AC3111D0}.DebugSingleThread|Win32.Build.0 = DebugSingleThread|Win32
		{5F8AC3D4-8BA3-6942-8CF2-2586AC3111D0}.DebugSingleThread|x64.ActiveCfg = DebugSingleThread|x64
		{5F8AC3D4-8BA3-6942-8CF2-2586AC3111D0}.DebugSingleThread|x64.Build.0 = DebugSingleThread|x64
		{5F8AC3D4-8BA3-6942-8CF2-2586AC3111D0}.ReleaseSingleThread|Win32.ActiveCfg = ReleaseSingleThread|Win32
		{5F8AC3D4-8BA3-6942-8CF2-2586AC3111D0}.ReleaseSingleThread|Win32.Build.0 = ReleaseSingleThread|Win32
		{5F8AC3D4-8BA3-6942-8CF2-2586AC3111D0}.ReleaseSingleThread|x64.ActiveCfg = ReleaseSingleThread|x64
		{5F8AC3D4-8BA3-6942-8CF2-2586AC3111D0}.ReleaseSingleThread|x64.Build.0 = ReleaseSingleThread|x64
		{5F8AC3D4-8BA3-6942-8CF2-2586AC3111D0}.DebugSingleThreadDynamic|Win32.ActiveCfg = DebugSingleThreadDynamic|Win32
		{5F8AC3D4-8BA3-6942-8CF2-2586AC3111D0}.DebugSingleThreadDynamic|Win32.Build.0 = DebugSingleThreadDynamic|Win32
		{5F8AC3D4-8BA3-6942-8CF2-2586AC3111D0}.DebugSingleThreadDynamic|x64.ActiveCfg = DebugSingleThreadDynamic|x64
		{5F8AC3D4-8BA3-6942-8CF2-2586AC3111D0}.DebugSingleThreadDynamic|x64.Build.0 = DebugSingleThreadDynamic|x64
		{5F8AC3D4-8BA3-6942-8CF2-2586AC3111D0}.ReleaseSingleThreadDynamic|Win32.ActiveCfg = ReleaseSingleThreadDynamic|Win32
		{5F8AC3D4-8BA3-6942-8CF2-2586AC3111D0}.ReleaseSingleThreadDynamic|Win32.Build.0 = ReleaseSingleThreadDynamic|Win32
		{5F8AC3D4-8BA3-6942-8CF2-2586AC3111D0}.ReleaseSingleThreadDynamic|x64.ActiveCfg = ReleaseSingleThreadDynamic|x64
		{5F8AC3D4-8BA3-6942-8CF2-2586AC3111D0}.ReleaseSingleThreadDynamic|x64.Build.0 = ReleaseSingleThreadDynamic|x64
		{40641FCD-CECA-4F4A-B623-530A38CDEF95}.Debug|Win32.ActiveCfg = Debug|Win32
		{40641FCD-CECA-4F4A-B623-530A38CDEF95}.Debug|Win32.Build.0 = Debug|Win32
		{40641FCD-CECA-4F4A-B623-530A38CDEF95}.Debug|x64.ActiveCfg = Debug|x64
		{40641FCD-CECA-4F4A-B623-530A38CDEF95}.Debug|x64.Build.0 = Debug|x64
		{40641FCD-CECA-4F4A-B623-530A38CDEF95}.Release|Win32.ActiveCfg = Release|Win32
		{40641FCD-CECA-4F4A-B623-530A38CDEF95}.Release|Win32.Build.0 = Release|Win32
		{40641FCD-CECA-4F4A-B623-530A38CDEF95}.Release|x64.ActiveCfg = Release|x64
		{40641FCD-CECA-4F4A-B623-530A38CDEF95}.Release|x64.Build.0 = Release|x64
		{40641FCD-CECA-4F4A-B623-530A38CDEF95}.DebugDynamic|Win32.ActiveCfg = DebugDynamic|Win32
		{40641FCD-CECA-4F4A-B623-530A38CDEF95}.DebugDynamic|Win32.Build.0 = DebugDynamic|Win32
		{40641FCD-CECA-4F4A-B623-530A38CDEF95}.DebugDynamic|x64.ActiveCfg = DebugDynamic|x64
		{40641FCD-CECA-4F4A-B623-530A38CDEF95}.DebugDynamic|x64.Build.0 = DebugDynamic|x64
		{40641FCD-CECA-4F4A-B623-530A38CDEF95}.ReleaseDynamic|Win32.ActiveCfg = ReleaseDynamic|Win32
		{40641FCD-CECA-4F4A-B623-530A38CDEF95}.ReleaseDynamic|Win32.Build.0 = ReleaseDynamic|Win32
		{40641FCD-CECA-4F4A-B623-530A38CDEF95}.ReleaseDynamic|x64.ActiveCfg = ReleaseDynamic|x64
		{40641FCD-CECA-4F4A-B623-530A38CDEF95}.ReleaseDynamic|x64.Build.0 = ReleaseDynamic|x64
		{40641FCD-CECA-4F4A-B623-530A38CDEF95}.DebugSingleThread|Win32.ActiveCfg = DebugSingleThread|Win32
		{40641FCD-CECA-4F4A-B623-530A38CDEF95}.DebugSingleThread|Win32.Build.0 = DebugSingleThread|Win32
		{40641FCD-CECA-4F4A-B623-530A38CDEF95}.DebugSingleThread|x64.ActiveCfg = DebugSingleThread|x64
		{40641FCD-CECA-4F4A-B623-530A38CDEF95}.DebugSingleThread|x64.Build.0 = DebugSingleThread|x64
		{40641FCD-CECA-4F4A-B623-530A38CDEF95}.ReleaseSingleThread|Win32.ActiveCfg = ReleaseSingleThread|Win32
		{40641FCD-CECA-4F4A-B623-530A38CDEF95}.ReleaseSingleThread|Win32.Build.0 = ReleaseSingleThread|Win32
		{40641FCD-CECA-4F4A-B623-530A38CDEF95}.ReleaseSingleThread|x64.ActiveCfg = ReleaseSingleThread|x64
		{40641FCD-CECA-4F4A-B623-530A38CDEF95}.ReleaseSingleThread|x64.Build.0 = ReleaseSingleThread|x64
		{40641FCD-CECA-4F4A-B623-530A38CDEF95}.DebugSingleThreadDynamic|Win32.ActiveCfg = DebugSingleThreadDynamic|Win32
		{40641FCD-CECA-4F4A-B623-530A38CDEF95}.DebugSingleThreadDynamic|Win32.Build.0 = DebugSingleThreadDynamic|Win32
		{40641FCD-CECA-4F4A-B623-530A38CDEF95}.DebugSingleThreadDynamic|x64.ActiveCfg = DebugSingleThreadDynamic|x64
		{40641FCD-CECA-4F4A-B623-530A38CDEF95}.DebugSingleThreadDynamic|x64.Build.0 = DebugSingleThreadDynamic|x64
		{40641FCD-CECA-4F4A-B623-530A38CDEF95}.ReleaseSingleThreadDynamic|Win32.ActiveCfg = ReleaseSingleThreadDynamic|Win32
		{40641FCD-CECA-4F4A-B623-530A38CDEF95}.ReleaseSingleThreadDynamic|Win32.Build.0 = ReleaseSingleThreadDynamic|Win32
		{40641FCD-CECA-4F4A-B623-530A38CDEF95}.ReleaseSingleThreadDynamic|x64.ActiveCfg = ReleaseSingleThreadDynamic|x64
		{40641FCD-CECA-4F4A-B623-530A38CDEF95}.ReleaseSingleThreadDynamic|x64.Build.0 = ReleaseSingleThreadDynamic|x64
		{0C074FB8-B905-194D-A66E-5D18605489E9}.Debug|Win32.ActiveCfg = Debug|Win32
		{0C074FB8-B905-194D-A66E-5D18605489E9}.Debug|Win32.Build.0 = Debug|Win32
		{0C074FB8-B905-194D-A66E-5D18605489E9}.Debug|x64.ActiveCfg = Debug|x64
		{0C074FB8-B905-194D-A66E-5D18605489E9}.Debug|x64.Build.0 = Debug|x64
		{0C074FB8-B905-194D-A66E-5D18605489E9}.Release|Win32.ActiveCfg = Release|Win32
		{0C074FB8-B905-194D-A66E-5D18605489E9}.Release|Win32.Build.0 = Release|Win32
		{0C074FB8-B905-194D-A66E-5D18605489E9}.Release|x64.ActiveCfg = Release|x64
		{0C074FB8-B905-194D-A66E-5D18605489E9}.Release|x64.Build.0 = Release|x64
		{0C074FB8-B905-194D-A66E-5D18605489E9}.DebugDynamic|Win32.ActiveCfg = DebugDynamic|Win32
		{0C074FB8-B905-194D-A66E-5D18605489E9}.DebugDynamic|Win32.Build.0 = DebugDynamic|Win32
		{0C074FB8-B905-194D-A66E-5D18605489E9}.DebugDynamic|x64.ActiveCfg = DebugDynamic|x64
		{0C074FB8-B905-194D-A66E-5D18605489E9}.DebugDynamic|x64.Build.0 = DebugDynamic|x64
		{0C074FB8-B905-194D-A66E-5D18605489E9}.ReleaseDynamic|Win32.ActiveCfg = ReleaseDynamic|Win32
		{0C074FB8-B905-194D-A66E-5D18605489E9}.ReleaseDynamic|Win32.Build.0 = ReleaseDynamic|Win32
		{0C074FB8-B905-194D-A66E-5D18605489E9}.ReleaseDynamic|x64.ActiveCfg = ReleaseDynamic|x64
		{0C074FB8-B905-194D-A66E-5D18605489E9}.ReleaseDynamic|x64.Build.0 = ReleaseDynamic|x64
		{0C074FB8-B905-194D-A66E-5D18605489E9}.DebugSingleThread|Win32.ActiveCfg = DebugSingleThread|Win32
		{0C074FB8-B905-194D-A66E-5D18605489E9}.DebugSingleThread|Win32.Build.0 = DebugSingleThread|Win32
		{0C074FB8-B905-194D-A66E-5D18605489E9}.DebugSingleThread|x64.ActiveCfg = DebugSingleThread|x64
		{0C074FB8-B905-194D-A66E-5D18605489E9}.DebugSingleThread|x64.Build.0 = DebugSingleThread|x64
		{0C074FB8-B905-194D-A66E-5D18605489E9}.ReleaseSingleThread|Win32.ActiveCfg = ReleaseSingleThread|Win32
		{0C074FB8-B905-194D-A66E-5D18605489E9}.ReleaseSingleThread|Win32.Build.0 = ReleaseSingleThread|Win32
		{0C074FB8-B905-194D-A66E-5D18605489E9}.ReleaseSingleThread|x64.ActiveCfg = ReleaseSingleThread|x64
		{0C074FB8-B905-194D-A66E-5D18605489E9}.ReleaseSingleThread|x64.Build.0 = ReleaseSingleThread|x64
		{0C074FB8-B905-194D-A66E-5D18605489E9}.DebugSingleThreadDynamic|Win32.ActiveCfg = DebugSingleThreadDynamic|Win32
		{0C074FB8-B905-194D-A66E-5D18605489E9}.DebugSingleThreadDynamic|Win32.Build.0 = DebugSingleThreadDynamic|Win32
		{0C074FB8-B905-194D-A66E-5D18605489E9}.DebugSingleThreadDynamic|x64.ActiveCfg = DebugSingleThreadDynamic|x64
		{0C074FB8-B905-194D-A66E-5D18605489E9}.DebugSingleThreadDynamic|x64.Build.0 = DebugSingleThreadDynamic|x64
		{0C074FB8-B905-194D-A66E-5D18605489E9}.ReleaseSingleThreadDynamic|Win32.ActiveCfg = ReleaseSingleThreadDynamic|Win32
		{0C074FB8-B905-194D-A66E-5D18605489E9}.ReleaseSingleThreadDynamic|Win32.Build.0 = ReleaseSingleThreadDynamic|Win32
		{0C074FB8-B905-194D-A66E-5D18605489E9}.ReleaseSingleThreadDynamic|x64.ActiveCfg = ReleaseSingleThreadDynamic|x64
		{0C074FB8-B905-194D-A66E-5D18605489E9}.ReleaseSingleThreadDynamic|x64.Build.0 = ReleaseSingleThreadDynamic|x64
		{FDB4D7CF-0F81-6E41-AF80-32033E381550}.Debug|Win32.ActiveCfg = Debug|Win32
		{FDB4D7CF-0F81-6E41-AF80-32033E381550}.Debug|Win32.Build.0 = Debug|Win32
		{FDB4D7CF-0F81-6E41-AF80-32033E381550}.Debug|x64.ActiveCfg = Debug|x64
		{FDB4D7CF-0F81-6E41-AF80-32033E381550}.Debug|x64.Build.0 = Debug|x64
		{FDB4D7CF-0F81-6E41-AF80-32033E381550}.Release|Win32.ActiveCfg = Release|Win32
		{FDB4D7CF-0F81-6E41-AF80-32033E381550}.Release|Win32.Build.0 = Release|Win32
		{FDB4D7CF-0F81-6E41-AF80-32033E381550}.Release|x64.ActiveCfg = Release|x64
		{FDB4D7CF-0F81-6E41-AF80-32033E381550}.Release|x64.Build.0 = Release|x64
		{FDB4D7CF-0F81-6E41-AF80-32033E381550}.DebugDynamic|Win32.ActiveCfg = DebugDynamic|Win32
		{FDB4D7CF-0F81-6E41-AF80-32033E381550}.DebugDynamic|Win32.Build.0 = DebugDynamic|Win32
		{FDB4D7CF-0F81-6E41-AF80-32033E381550}.DebugDynamic|x64.ActiveCfg = DebugDynamic|x64
		{FDB4D7CF-0F81-6E41-AF80-32033E381550}.DebugDynamic|x64.Build.0 = DebugDynamic|x64
		{FDB4D7CF-0F81-6E41-AF80-32033E381550}.ReleaseDynamic|Win32.ActiveCfg = ReleaseDynamic|Win32
		{FDB4D7CF-0F81-6E41-AF80-32033E381550}.ReleaseDynamic|Win32.Build.0 = ReleaseDynamic|Win32
		{FDB4D7CF-0F81-6E41-AF80-32033E381550}.ReleaseDynamic|x64.ActiveCfg = ReleaseDynamic|x64
		{FDB4D7CF-0F81-6E41-AF80-32033E381550}.ReleaseDynamic|x64.Build.0 = ReleaseDynamic|x64
		{FDB4D7CF-0F81-6E41-AF80-32033E381550}.DebugSingleThread|Win32.ActiveCfg = DebugSingleThread|Win32
		{FDB4D7CF-0F81-6E41-AF80-32033E381550}.DebugSingleThread|Win32.Build.0 = DebugSingleThread|Win32
		{FDB4D7CF-0F81-6E41-AF80-32033E381550}.DebugSingleThread|x64.ActiveCfg = DebugSingleThread|x64
		{FDB4D7CF-0F81-6E41-AF80-32033E381550}.DebugSingleThread|x64.Build.0 = DebugSingleThread|x64
		{FDB4D7CF-0F81-6E41-AF80-32033E381550}.ReleaseSingleThread|Win32.ActiveCfg = ReleaseSingleThread|Win32
		{FDB4D7CF-0F81-6E41-AF80-32033E381550}.ReleaseSingleThread|Win32.Build.0 = ReleaseSingleThread|Win32
		{FDB4D7CF-0F81-6E41-AF80-32033E381550}.ReleaseSingleThread|x64.ActiveCfg = ReleaseSingleThread|x64
		{FDB4D7CF-0F81-6E41-AF80-32033E381550}.ReleaseSingleThread|x64.Build.0 = ReleaseSingleThread|x64
		{FDB4D7CF-0F81-6E41-AF80-32033E381550}.DebugSingleThreadDynamic|Win32.ActiveCfg = DebugSingleThreadDynamic|Win32
		{FDB4D7CF-0F81-6E41-AF80-32033E381550}.DebugSingleThreadDynamic|Win32.Build.0 = DebugSingleThreadDynamic|Win32
		{FDB4D7CF-0F81-6E41-AF80-32033E381550}.DebugSingleThreadDynamic|x64.ActiveCfg = DebugSingleThreadDynamic|x64
		{FDB4D7CF-0F81-6E41-AF80-32033E381550}.DebugSingleThreadDynamic|x64.Build.0 = DebugSingleThreadDynamic|x64
		{FDB4D7CF-0F81-6E41-AF80-32033E381550}.ReleaseSingleThreadDynamic|Win32.ActiveCfg = ReleaseSingleThreadDynamic|Win32
		{FDB4D7CF-0F81-6E41-AF80-32033E381550}.ReleaseSingleThreadDynamic|Win32.Build.0 = ReleaseSingleThreadDynamic|Win32
		{FDB4D7CF-0F81-6E41-AF80-32033E381550}.ReleaseSingleThreadDynamic|x64.ActiveCfg = ReleaseSingleThreadDynamic|x64
		{FDB4D7CF-0F81-6E41-AF80-32033E381550}.ReleaseSingleThreadDynamic|x64.Build.0 = ReleaseSingleThreadDynamic|x64
		{47AD2AB0-C848-4346-8A79-2BC76324294B}.Debug|Win32.ActiveCfg = Debug|Win32
		{47AD2AB0-C848-4346-8A79-2BC76324294B}.Debug|Win32.Build.0 = Debug|Win32
		{47AD2AB0-C848-4346-8A79-2BC76324294B}.Debug|x64.ActiveCfg = Debug|x64
		{47AD2AB0-C848-4346-8A79-2BC76324294B}.Debug|x64.Build.0 = Debug|x64
		{47AD2AB0-C848-4346-8A79-2BC76324294B}.Release|Win32.ActiveCfg = Release|Win32
		{47AD2AB0-C848-4346-8A79-2BC76324294B}.Release|Win32.Build.0 = Release|Win32
		{47AD2AB0-C848-4346-8A79-2BC76324294B}.Release|x64.ActiveCfg = Release|x64
		{47AD2AB0-C848-4346-8A79-2BC76324294B}.Release|x64.Build.0 = Release|x64
		{47AD2AB0-C848-4346-8A79-2BC76324294B}.DebugDynamic|Win32.ActiveCfg = DebugDynamic|Win32
		{47AD2AB0-C848-4346-8A79-2BC76324294B}.DebugDynamic|Win32.Build.0 = DebugDynamic|Win32
		{47AD2AB0-C848-4346-8A79-2BC76324294B}.DebugDynamic|x64.ActiveCfg = DebugDynamic|x64
		{47AD2AB0-C848-4346-8A79-2BC76324294B}.DebugDynamic|x64.Build.0 = DebugDynamic|x64
		{47AD2AB0-C848-4346-8A79-2BC76324294B}.ReleaseDynamic|Win32.ActiveCfg = ReleaseDynamic|Win32
		{47AD2AB0-C848-4346-8A79-2BC76324294B}.ReleaseDynamic|Win32.Build.0 = ReleaseDynamic|Win32
		{47AD2AB0-C848-4346-8A79-2BC76324294B}.ReleaseDynamic|x64.ActiveCfg = ReleaseDynamic|x64
		{47AD2AB0-C848-4346-8A79-2BC76324294B}.ReleaseDynamic|x64.Build.0 = ReleaseDynamic|x64
		{47AD2AB0-C848-4346-8A79-2BC76324294B}.DebugSingleThread|Win32.ActiveCfg = DebugSingleThread|Win32
		{47AD2AB0-C848-4346-8A79-2BC76324294B}.DebugSingleThread|Win32.Build.0 = DebugSingleThread|Win32
		{47AD2AB0-C848-4346-8A79-2BC76324294B}.DebugSingleThread|x64.ActiveCfg = DebugSingleThread|x64
		{47AD2AB0-C848-4346-8A79-2BC76324294B}.DebugSingleThread|x64.Build.0 = DebugSingleThread|x64
		{47AD2AB0-C848-4346-8A79-2BC76324294B}.ReleaseSingleThread|Win32.ActiveCfg = ReleaseSingleThread|Win32
		{47AD2AB0-C848-4346-8A79-2BC76324294B}.ReleaseSingleThread|Win32.Build.0 = ReleaseSingleThread|Win32
		{47AD2AB0-C848-4346-8A79-2BC76324294B}.ReleaseSingleThread|x64.ActiveCfg = ReleaseSingleThread|x64
		{47AD2AB0-C848-4346-8A79-2BC76324294B}.ReleaseSingleThread|x64.Build.0 = ReleaseSingleThread|x64
		{47AD2AB0-C848-4346-8A79-2BC76324294B}.DebugSingleThreadDynamic|Win32.ActiveCfg = DebugSingleThreadDynamic|Win32
		{47AD2AB0-C848-4346-8A79-2BC76324294B}.DebugSingleThreadDynamic|Win32.Build.0 = DebugSingleThreadDynamic|Win32
		{47AD2AB0-C848-4346-8A79-2BC76324294B}.DebugSingleThreadDynamic|x64.ActiveCfg = DebugSingleThreadDynamic|x64
		{47AD2AB0-C848-4346-8A79-2BC76324294B}.DebugSingleThreadDynamic|x64.Build.0 = DebugSingleThreadDynamic|x64
		{47AD2AB0-C848-4346-8A79-2BC76324294B}.ReleaseSingleThreadDynamic|Win32.ActiveCfg = ReleaseSingleThreadDynamic|Win32
		{47AD2AB0-C848-4346-8A79-2BC76324294B}.ReleaseSingleThreadDynamic|Win32.Build.0 = ReleaseSingleThreadDynamic|Win32
		{47AD2AB0-C848-4346-8A79-2BC76324294B}.ReleaseSingleThreadDynamic|x64.ActiveCfg = ReleaseSingleThreadDynamic|x64
		{47AD2AB0-C848-4346-8A79-2BC76324294B}.ReleaseSingleThreadDynamic|x64.Build.0 = ReleaseSingleThreadDynamic|x64
		{C84AD4D2-2D63-1842-871E-30B7C71BEA58}.Debug|Win32.ActiveCfg = Debug|Win32
		{C84AD4D2-2D63-1842-871E-30B7C71BEA58}.Debug|Win32.Build.0 = Debug|Win32
		{C84AD4D2-2D63-1842-871E-30B7C71BEA58}.Debug|x64.ActiveCfg = Debug|x64
		{C84AD4D2-2D63-1842-871E-30B7C71BEA58}.Debug|x64.Build.0 = Debug|x64
		{C84AD4D2-2D63-1842-871E-30B7C71BEA58}.Release|Win32.ActiveCfg = Release|Win32
		{C84AD4D2-2D63-1842-871E-30B7C71BEA58}.Release|Win32.Build.0 = Release|Win32
		{C84AD4D2-2D63-1842-871E-30B7C71BEA58}.Release|x64.ActiveCfg = Release|x64
		{C84AD4D2-2D63-1842-871E-30B7C71BEA58}.Release|x64.Build.0 = Release|x64
		{C84AD4D2-2D63-1842-871E-30B7C71BEA58}.DebugDynamic|Win32.ActiveCfg = DebugDynamic|Win32
		{C84AD4D2-2D63-1842-871E-30B7C71BEA58}.DebugDynamic|Win32.Build.0 = DebugDynamic|Win32
		{C84AD4D2-2D63-1842-871E-30B7C71BEA58}.DebugDynamic|x64.ActiveCfg = DebugDynamic|x64
		{C84AD4D2-2D63-1842-871E-30B7C71BEA58}.DebugDynamic|x64.Build.0 = DebugDynamic|x64
		{C84AD4D2-2D63-1842-871E-30B7C71BEA58}.ReleaseDynamic|Win32.ActiveCfg = ReleaseDynamic|Win32
		{C84AD4D2-2D63-1842-871E-30B7C71BEA58}.ReleaseDynamic|Win32.Build.0 = ReleaseDynamic|Win32
		{C84AD4D2-2D63-1842-871E-30B7C71BEA58}.ReleaseDynamic|x64.ActiveCfg = ReleaseDynamic|x64
		{C84AD4D2-2D63-1842-871E-30B7C71BEA58}.ReleaseDynamic|x64.Build.0 = ReleaseDynamic|x64
		{C84AD4D2-2D63-1842-871E-30B7C71BEA58}.DebugSingleThread|Win32.ActiveCfg = DebugSingleThread|Win32
		{C84AD4D2-2D63-1842-871E-30B7C71BEA58}.DebugSingleThread|Win32.Build.0 = DebugSingleThread|Win32
		{C84AD4D2-2D63-1842-871E-30B7C71BEA58}.DebugSingleThread|x64.ActiveCfg = DebugSingleThread|x64
		{C84AD4D2-2D63-1842-871E-30B7C71BEA58}.DebugSingleThread|x64.Build.0 = DebugSingleThread|x64
		{C84AD4D2-2D63-1842-871E-30B7C71BEA58}.ReleaseSingleThread|Win32.ActiveCfg = ReleaseSingleThread|Win32
		{C84AD4D2-2D63-1842-871E-30B7C71BEA58}.ReleaseSingleThread|Win32.Build.0 = ReleaseSingleThread|Win32
		{C84AD4D2-2D63-1842-871E-30B7C71BEA58}.ReleaseSingleThread|x64.ActiveCfg = ReleaseSingleThread|x64
		{C84AD4D2-2D63-1842-871E-30B7C71BEA58}.ReleaseSingleThread|x64.Build.0 = ReleaseSingleThread|x64
		{C84AD4D2-2D63-1842-871E-30B7C71BEA58}.DebugSingleThreadDynamic|Win32.ActiveCfg = DebugSingleThreadDynamic|Win32
		{C84AD4D2-2D63-1842-871E-30B7C71BEA58}.DebugSingleThreadDynamic|Win32.Build.0 = DebugSingleThreadDynamic|Win32
		{C84AD4D2-2D63-1842-871E-30B7C71BEA58}.DebugSingleThreadDynamic|x64.ActiveCfg = DebugSingleThreadDynamic|x64
		{C84AD4D2-2D63-1842-871E-30B7C71BEA58}.DebugSingleThreadDynamic|x64.Build.0 = DebugSingleThreadDynamic|x64
		{C84AD4D2-2D63-1842-871E-30B7C71BEA58}.ReleaseSingleThreadDynamic|Win32.ActiveCfg = ReleaseSingleThreadDynamic|Win32
		{C84AD4D2-2D63-1842-871E-30B7C71BEA58}.ReleaseSingleThreadDynamic|Win32.Build.0 = ReleaseSingleThreadDynamic|Win32
		{C84AD4D2-2D63-1842-871E-30B7C71BEA58}.ReleaseSingleThreadDynamic|x64.ActiveCfg = ReleaseSingleThreadDynamic|x64
		{C84AD4D2-2D63-1842-871E-30B7C71BEA58}.ReleaseSingleThreadDynamic|x64.Build.0 = ReleaseSingleThreadDynamic|x64
	EndGlobalSection
	GlobalSection(SolutionProperties) = preSolution
		HideSolutionNode = FALSE
	EndGlobalSection
EndGlobal
