<?xml version="1.0" encoding="utf-8"?>
<Project ToolsVersion="4.0" xmlns="http://schemas.microsoft.com/developer/msbuild/2003">
  <ItemGroup>
    <Filter Include="source">
      <UniqueIdentifier>{32BEBCCA-FD1A-8A43-8E40-46F8B7B482A5}</UniqueIdentifier>
    </Filter>
    <Filter Include="source\evds_tutorials">
      <UniqueIdentifier>{B2E02D18-3492-204B-88AC-405308867E54}</UniqueIdentifier>
    </Filter>
  </ItemGroup>
  <ItemGroup>
    <ClCompile Include="..\..\external\evds\source\evds_tutorials\evds_tutorials.c">
      <Filter>source\evds_tutorials</Filter>
    </ClCompile>
  </ItemGroup>
</Project>
