<?xml version="1.0" encoding="utf-8"?>
<Project ToolsVersion="4.0" xmlns="http://schemas.microsoft.com/developer/msbuild/2003">
  <ItemGroup>
    <Filter Include="mongo-c-driver">
      <UniqueIdentifier>{09D43687-B569-8641-9999-B994A61FB38B}</UniqueIdentifier>
    </Filter>
    <Filter Include="mongo-c-driver\src">
      <UniqueIdentifier>{7214ADFE-8CF9-9041-AE49-86F4A99F6D39}</UniqueIdentifier>
    </Filter>
  </ItemGroup>
  <ItemGroup>
    <ClInclude Include="..\..\external\mongo-c-driver\src\bcon.h">
      <Filter>mongo-c-driver\src</Filter>
    </ClInclude>
    <ClInclude Include="..\..\external\mongo-c-driver\src\bson.h">
      <Filter>mongo-c-driver\src</Filter>
    </ClInclude>
    <ClInclude Include="..\..\external\mongo-c-driver\src\encoding.h">
      <Filter>mongo-c-driver\src</Filter>
    </ClInclude>
    <ClInclude Include="..\..\external\mongo-c-driver\src\env.h">
      <Filter>mongo-c-driver\src</Filter>
    </ClInclude>
    <ClInclude Include="..\..\external\mongo-c-driver\src\gridfs.h">
      <Filter>mongo-c-driver\src</Filter>
    </ClInclude>
    <ClInclude Include="..\..\external\mongo-c-driver\src\md5.h">
      <Filter>mongo-c-driver\src</Filter>
    </ClInclude>
    <ClInclude Include="..\..\external\mongo-c-driver\src\mongo.h">
      <Filter>mongo-c-driver\src</Filter>
    </ClInclude>
  </ItemGroup>
  <ItemGroup>
    <ClCompile Include="..\..\external\mongo-c-driver\src\bcon.c">
      <Filter>mongo-c-driver\src</Filter>
    </ClCompile>
    <ClCompile Include="..\..\external\mongo-c-driver\src\bson.c">
      <Filter>mongo-c-driver\src</Filter>
    </ClCompile>
    <ClCompile Include="..\..\external\mongo-c-driver\src\encoding.c">
      <Filter>mongo-c-driver\src</Filter>
    </ClCompile>
    <ClCompile Include="..\..\external\mongo-c-driver\src\env.c">
      <Filter>mongo-c-driver\src</Filter>
    </ClCompile>
    <ClCompile Include="..\..\external\mongo-c-driver\src\gridfs.c">
      <Filter>mongo-c-driver\src</Filter>
    </ClCompile>
    <ClCompile Include="..\..\external\mongo-c-driver\src\md5.c">
      <Filter>mongo-c-driver\src</Filter>
    </ClCompile>
    <ClCompile Include="..\..\external\mongo-c-driver\src\mongo.c">
      <Filter>mongo-c-driver\src</Filter>
    </ClCompile>
    <ClCompile Include="..\..\external\mongo-c-driver\src\numbers.c">
      <Filter>mongo-c-driver\src</Filter>
    </ClCompile>
  </ItemGroup>
</Project>
