<?xml version="1.0" encoding="utf-8"?>
<Project ToolsVersion="4.0" xmlns="http://schemas.microsoft.com/developer/msbuild/2003">
  <ItemGroup>
    <Filter Include="source">
      <UniqueIdentifier>{59734E5D-112E-214B-86E5-CEB4F42E4366}</UniqueIdentifier>
    </Filter>
    <Filter Include="external">
      <UniqueIdentifier>{51F5929E-A603-504E-A9BB-B8585C4F8BF7}</UniqueIdentifier>
    </Filter>
    <Filter Include="external\tinyxml">
      <UniqueIdentifier>{FE210014-C80A-324C-B345-75E7A21352C1}</UniqueIdentifier>
    </Filter>
  </ItemGroup>
  <ItemGroup>
    <None Include="..\..\external\simc\include" />
  </ItemGroup>
  <ItemGroup>
    <ClCompile Include="..\..\external\simc\source\sim_curtime.c">
      <Filter>source</Filter>
    </ClCompile>
    <ClCompile Include="..\..\external\simc\source\sim_linkedlist.c">
      <Filter>source</Filter>
    </ClCompile>
    <ClCompile Include="..\..\external\simc\source\sim_queue.c">
      <Filter>source</Filter>
    </ClCompile>
    <ClCompile Include="..\..\external\simc\source\sim_threading.c">
      <Filter>source</Filter>
    </ClCompile>
    <ClCompile Include="..\..\external\simc\source\sim_xml.cpp">
      <Filter>source</Filter>
    </ClCompile>
    <ClCompile Include="..\..\external\simc\external\tinyxml\tinystr.cpp">
      <Filter>external\tinyxml</Filter>
    </ClCompile>
    <ClCompile Include="..\..\external\simc\external\tinyxml\tinyxml.cpp">
      <Filter>external\tinyxml</Filter>
    </ClCompile>
    <ClCompile Include="..\..\external\simc\external\tinyxml\tinyxmlerror.cpp">
      <Filter>external\tinyxml</Filter>
    </ClCompile>
    <ClCompile Include="..\..\external\simc\external\tinyxml\tinyxmlparser.cpp">
      <Filter>external\tinyxml</Filter>
    </ClCompile>
  </ItemGroup>
</Project>
