
Microsoft Visual Studio Solution File, Format Version 11.00
# Visual Studio 2010
Project("{8BC9CEB8-8B4A-11D0-8D11-00A0C91BC942}") = "simc", "simc.vcxproj", "{415A85A0-863A-B347-A3C9-2B260B6C0D4C}"
EndProject
Project("{8BC9CEB8-8B4A-11D0-8D11-00A0C91BC942}") = "evds", "evds.vcxproj", "{7BBFA3CD-1DDA-514C-B77F-177680528DB6}"
	ProjectSection(ProjectDependencies) = postProject
		{415A85A0-863A-B347-A3C9-2B260B6C0D4C} = {415A85A0-863A-B347-A3C9-2B260B6C0D4C}
	EndProjectSection
EndProject
Project("{8BC9CEB8-8B4A-11D0-8D11-00A0C91BC942}") = "evds_tutorials", "evds_tutorials.vcxproj", "{9295BDF3-F9C8-9D40-8309-B14822005399}"
	ProjectSection(ProjectDependencies) = postProject
		{7BBFA3CD-1DDA-514C-B77F-177680528DB6} = {7BBFA3CD-1DDA-514C-B77F-177680528DB6}
	EndProjectSection
EndProject
Project("{8BC9CEB8-8B4A-11D0-8D11-00A0C91BC942}") = "rdrs", "rdrs.vcxproj", "{7558CE1C-BA48-1D4D-A4A2-12E5084B4A79}"
	ProjectSection(ProjectDependencies) = postProject
		{415A85A0-863A-B347-A3C9-2B260B6C0D4C} = {415A85A0-863A-B347-A3C9-2B260B6C0D4C}
	EndProjectSection
EndProject
Project("{8BC9CEB8-8B4A-11D0-8D11-00A0C91BC942}") = "rdrs_test", "rdrs_test.vcxproj", "{C2C60DCC-94D7-6844-9CE3-7474B3D0B779}"
	ProjectSection(ProjectDependencies) = postProject
		{7558CE1C-BA48-1D4D-A4A2-12E5084B4A79} = {7558CE1C-BA48-1D4D-A4A2-12E5084B4A79}
	EndProjectSection
EndProject
Project("{8BC9CEB8-8B4A-11D0-8D11-00A0C91BC942}") = "mongo-c-driver", "mongo-c-driver.vcxproj", "{828158DE-4121-3B4A-B2BF-BCB69D2CC709}"
EndProject
Project("{8BC9CEB8-8B4A-11D0-8D11-00A0C91BC942}") = "vsfl_server", "vsfl_server.vcxproj", "{FE61FDB2-CC85-6C42-A00C-D2D958D30420}"
	ProjectSection(ProjectDependencies) = postProject
		{7558CE1C-BA48-1D4D-A4A2-12E5084B4A79} = {7558CE1C-BA48-1D4D-A4A2-12E5084B4A79}
		{7BBFA3CD-1DDA-514C-B77F-177680528DB6} = {7BBFA3CD-1DDA-514C-B77F-177680528DB6}
		{828158DE-4121-3B4A-B2BF-BCB69D2CC709} = {828158DE-4121-3B4A-B2BF-BCB69D2CC709}
	EndProjectSection
EndProject
Global
	GlobalSection(SolutionConfigurationPlatforms) = preSolution
		Debug|Win32 = Debug|Win32
		Debug|x64 = Debug|x64
		Release|Win32 = Release|Win32
		Release|x64 = Release|x64
		DebugDynamic|Win32 = DebugDynamic|Win32
		DebugDynamic|x64 = DebugDynamic|x64
		ReleaseDynamic|Win32 = ReleaseDynamic|Win32
		ReleaseDynamic|x64 = ReleaseDynamic|x64
		DebugSingleThread|Win32 = DebugSingleThread|Win32
		DebugSingleThread|x64 = DebugSingleThread|x64
		ReleaseSingleThread|Win32 = ReleaseSingleThread|Win32
		ReleaseSingleThread|x64 = ReleaseSingleThread|x64
		DebugSingleThreadDynamic|Win32 = DebugSingleThreadDynamic|Win32
		DebugSingleThreadDynamic|x64 = DebugSingleThreadDynamic|x64
		ReleaseSingleThreadDynamic|Win32 = ReleaseSingleThreadDynamic|Win32
		ReleaseSingleThreadDynamic|x64 = ReleaseSingleThreadDynamic|x64
	EndGlobalSection
	GlobalSection(ProjectConfigurationPlatforms) = postSolution
		{415A85A0-863A-B347-A3C9-2B260B6C0D4C}.Debug|Win32.ActiveCfg = Debug|Win32
		{415A85A0-863A-B347-A3C9-2B260B6C0D4C}.Debug|Win32.Build.0 = Debug|Win32
		{415A85A0-863A-B347-A3C9-2B260B6C0D4C}.Debug|x64.ActiveCfg = Debug|x64
		{415A85A0-863A-B347-A3C9-2B260B6C0D4C}.Debug|x64.Build.0 = Debug|x64
		{415A85A0-863A-B347-A3C9-2B260B6C0D4C}.Release|Win32.ActiveCfg = Release|Win32
		{415A85A0-863A-B347-A3C9-2B260B6C0D4C}.Release|Win32.Build.0 = Release|Win32
		{415A85A0-863A-B347-A3C9-2B260B6C0D4C}.Release|x64.ActiveCfg = Release|x64
		{415A85A0-863A-B347-A3C9-2B260B6C0D4C}.Release|x64.Build.0 = Release|x64
		{415A85A0-863A-B347-A3C9-2B260B6C0D4C}.DebugDynamic|Win32.ActiveCfg = DebugDynamic|Win32
		{415A85A0-863A-B347-A3C9-2B260B6C0D4C}.DebugDynamic|Win32.Build.0 = DebugDynamic|Win32
		{415A85A0-863A-B347-A3C9-2B260B6C0D4C}.DebugDynamic|x64.ActiveCfg = DebugDynamic|x64
		{415A85A0-863A-B347-A3C9-2B260B6C0D4C}.DebugDynamic|x64.Build.0 = DebugDynamic|x64
		{415A85A0-863A-B347-A3C9-2B260B6C0D4C}.ReleaseDynamic|Win32.ActiveCfg = ReleaseDynamic|Win32
		{415A85A0-863A-B347-A3C9-2B260B6C0D4C}.ReleaseDynamic|Win32.Build.0 = ReleaseDynamic|Win32
		{415A85A0-863A-B347-A3C9-2B260B6C0D4C}.ReleaseDynamic|x64.ActiveCfg = ReleaseDynamic|x64
		{415A85A0-863A-B347-A3C9-2B260B6C0D4C}.ReleaseDynamic|x64.Build.0 = ReleaseDynamic|x64
		{415A85A0-863A-B347-A3C9-2B260B6C0D4C}.DebugSingleThread|Win32.ActiveCfg = DebugSingleThread|Win32
		{415A85A0-863A-B347-A3C9-2B260B6C0D4C}.DebugSingleThread|Win32.Build.0 = DebugSingleThread|Win32
		{415A85A0-863A-B347-A3C9-2B260B6C0D4C}.DebugSingleThread|x64.ActiveCfg = DebugSingleThread|x64
		{415A85A0-863A-B347-A3C9-2B260B6C0D4C}.DebugSingleThread|x64.Build.0 = DebugSingleThread|x64
		{415A85A0-863A-B347-A3C9-2B260B6C0D4C}.ReleaseSingleThread|Win32.ActiveCfg = ReleaseSingleThread|Win32
		{415A85A0-863A-B347-A3C9-2B260B6C0D4C}.ReleaseSingleThread|Win32.Build.0 = ReleaseSingleThread|Win32
		{415A85A0-863A-B347-A3C9-2B260B6C0D4C}.ReleaseSingleThread|x64.ActiveCfg = ReleaseSingleThread|x64
		{415A85A0-863A-B347-A3C9-2B260B6C0D4C}.ReleaseSingleThread|x64.Build.0 = ReleaseSingleThread|x64
		{415A85A0-863A-B347-A3C9-2B260B6C0D4C}.DebugSingleThreadDynamic|Win32.ActiveCfg = DebugSingleThreadDynamic|Win32
		{415A85A0-863A-B347-A3C9-2B260B6C0D4C}.DebugSingleThreadDynamic|Win32.Build.0 = DebugSingleThreadDynamic|Win32
		{415A85A0-863A-B347-A3C9-2B260B6C0D4C}.DebugSingleThreadDynamic|x64.ActiveCfg = DebugSingleThreadDynamic|x64
		{415A85A0-863A-B347-A3C9-2B260B6C0D4C}.DebugSingleThreadDynamic|x64.Build.0 = DebugSingleThreadDynamic|x64
		{415A85A0-863A-B347-A3C9-2B260B6C0D4C}.ReleaseSingleThreadDynamic|Win32.ActiveCfg = ReleaseSingleThreadDynamic|Win32
		{415A85A0-863A-B347-A3C9-2B260B6C0D4C}.ReleaseSingleThreadDynamic|Win32.Build.0 = ReleaseSingleThreadDynamic|Win32
		{415A85A0-863A-B347-A3C9-2B260B6C0D4C}.ReleaseSingleThreadDynamic|x64.ActiveCfg = ReleaseSingleThreadDynamic|x64
		{415A85A0-863A-B347-A3C9-2B260B6C0D4C}.ReleaseSingleThreadDynamic|x64.Build.0 = ReleaseSingleThreadDynamic|x64
		{7BBFA3CD-1DDA-514C-B77F-177680528DB6}.Debug|Win32.ActiveCfg = Debug|Win32
		{7BBFA3CD-1DDA-514C-B77F-177680528DB6}.Debug|Win32.Build.0 = Debug|Win32
		{7BBFA3CD-1DDA-514C-B77F-177680528DB6}.Debug|x64.ActiveCfg = Debug|x64
		{7BBFA3CD-1DDA-514C-B77F-177680528DB6}.Debug|x64.Build.0 = Debug|x64
		{7BBFA3CD-1DDA-514C-B77F-177680528DB6}.Release|Win32.ActiveCfg = Release|Win32
		{7BBFA3CD-1DDA-514C-B77F-177680528DB6}.Release|Win32.Build.0 = Release|Win32
		{7BBFA3CD-1DDA-514C-B77F-177680528DB6}.Release|x64.ActiveCfg = Release|x64
		{7BBFA3CD-1DDA-514C-B77F-177680528DB6}.Release|x64.Build.0 = Release|x64
		{7BBFA3CD-1DDA-514C-B77F-177680528DB6}.DebugDynamic|Win32.ActiveCfg = DebugDynamic|Win32
		{7BBFA3CD-1DDA-514C-B77F-177680528DB6}.DebugDynamic|Win32.Build.0 = DebugDynamic|Win32
		{7BBFA3CD-1DDA-514C-B77F-177680528DB6}.DebugDynamic|x64.ActiveCfg = DebugDynamic|x64
		{7BBFA3CD-1DDA-514C-B77F-177680528DB6}.DebugDynamic|x64.Build.0 = DebugDynamic|x64
		{7BBFA3CD-1DDA-514C-B77F-177680528DB6}.ReleaseDynamic|Win32.ActiveCfg = ReleaseDynamic|Win32
		{7BBFA3CD-1DDA-514C-B77F-177680528DB6}.ReleaseDynamic|Win32.Build.0 = ReleaseDynamic|Win32
		{7BBFA3CD-1DDA-514C-B77F-177680528DB6}.ReleaseDynamic|x64.ActiveCfg = ReleaseDynamic|x64
		{7BBFA3CD-1DDA-514C-B77F-177680528DB6}.ReleaseDynamic|x64.Build.0 = ReleaseDynamic|x64
		{7BBFA3CD-1DDA-514C-B77F-177680528DB6}.DebugSingleThread|Win32.ActiveCfg = DebugSingleThread|Win32
		{7BBFA3CD-1DDA-514C-B77F-177680528DB6}.DebugSingleThread|Win32.Build.0 = DebugSingleThread|Win32
		{7BBFA3CD-1DDA-514C-B77F-177680528DB6}.DebugSingleThread|x64.ActiveCfg = DebugSingleThread|x64
		{7BBFA3CD-1DDA-514C-B77F-177680528DB6}.DebugSingleThread|x64.Build.0 = DebugSingleThread|x64
		{7BBFA3CD-1DDA-514C-B77F-177680528DB6}.ReleaseSingleThread|Win32.ActiveCfg = ReleaseSingleThread|Win32
		{7BBFA3CD-1DDA-514C-B77F-177680528DB6}.ReleaseSingleThread|Win32.Build.0 = ReleaseSingleThread|Win32
		{7BBFA3CD-1DDA-514C-B77F-177680528DB6}.ReleaseSingleThread|x64.ActiveCfg = ReleaseSingleThread|x64
		{7BBFA3CD-1DDA-514C-B77F-177680528DB6}.ReleaseSingleThread|x64.Build.0 = ReleaseSingleThread|x64
		{7BBFA3CD-1DDA-514C-B77F-177680528DB6}.DebugSingleThreadDynamic|Win32.ActiveCfg = DebugSingleThreadDynamic|Win32
		{7BBFA3CD-1DDA-514C-B77F-177680528DB6}.DebugSingleThreadDynamic|Win32.Build.0 = DebugSingleThreadDynamic|Win32
		{7BBFA3CD-1DDA-514C-B77F-177680528DB6}.DebugSingleThreadDynamic|x64.ActiveCfg = DebugSingleThreadDynamic|x64
		{7BBFA3CD-1DDA-514C-B77F-177680528DB6}.DebugSingleThreadDynamic|x64.Build.0 = DebugSingleThreadDynamic|x64
		{7BBFA3CD-1DDA-514C-B77F-177680528DB6}.ReleaseSingleThreadDynamic|Win32.ActiveCfg = ReleaseSingleThreadDynamic|Win32
		{7BBFA3CD-1DDA-514C-B77F-177680528DB6}.ReleaseSingleThreadDynamic|Win32.Build.0 = ReleaseSingleThreadDynamic|Win32
		{7BBFA3CD-1DDA-514C-B77F-177680528DB6}.ReleaseSingleThreadDynamic|x64.ActiveCfg = ReleaseSingleThreadDynamic|x64
		{7BBFA3CD-1DDA-514C-B77F-177680528DB6}.ReleaseSingleThreadDynamic|x64.Build.0 = ReleaseSingleThreadDynamic|x64
		{9295BDF3-F9C8-9D40-8309-B14822005399}.Debug|Win32.ActiveCfg = Debug|Win32
		{9295BDF3-F9C8-9D40-8309-B14822005399}.Debug|Win32.Build.0 = Debug|Win32
		{9295BDF3-F9C8-9D40-8309-B14822005399}.Debug|x64.ActiveCfg = Debug|x64
		{9295BDF3-F9C8-9D40-8309-B14822005399}.Debug|x64.Build.0 = Debug|x64
		{9295BDF3-F9C8-9D40-8309-B14822005399}.Release|Win32.ActiveCfg = Release|Win32
		{9295BDF3-F9C8-9D40-8309-B14822005399}.Release|Win32.Build.0 = Release|Win32
		{9295BDF3-F9C8-9D40-8309-B14822005399}.Release|x64.ActiveCfg = Release|x64
		{9295BDF3-F9C8-9D40-8309-B14822005399}.Release|x64.Build.0 = Release|x64
		{9295BDF3-F9C8-9D40-8309-B14822005399}.DebugDynamic|Win32.ActiveCfg = DebugDynamic|Win32
		{9295BDF3-F9C8-9D40-8309-B14822005399}.DebugDynamic|Win32.Build.0 = DebugDynamic|Win32
		{9295BDF3-F9C8-9D40-8309-B14822005399}.DebugDynamic|x64.ActiveCfg = DebugDynamic|x64
		{9295BDF3-F9C8-9D40-8309-B14822005399}.DebugDynamic|x64.Build.0 = DebugDynamic|x64
		{9295BDF3-F9C8-9D40-8309-B14822005399}.ReleaseDynamic|Win32.ActiveCfg = ReleaseDynamic|Win32
		{9295BDF3-F9C8-9D40-8309-B14822005399}.ReleaseDynamic|Win32.Build.0 = ReleaseDynamic|Win32
		{9295BDF3-F9C8-9D40-8309-B14822005399}.ReleaseDynamic|x64.ActiveCfg = ReleaseDynamic|x64
		{9295BDF3-F9C8-9D40-8309-B14822005399}.ReleaseDynamic|x64.Build.0 = ReleaseDynamic|x64
		{9295BDF3-F9C8-9D40-8309-B14822005399}.DebugSingleThread|Win32.ActiveCfg = DebugSingleThread|Win32
		{9295BDF3-F9C8-9D40-8309-B14822005399}.DebugSingleThread|Win32.Build.0 = DebugSingleThread|Win32
		{9295BDF3-F9C8-9D40-8309-B14822005399}.DebugSingleThread|x64.ActiveCfg = DebugSingleThread|x64
		{9295BDF3-F9C8-9D40-8309-B14822005399}.DebugSingleThread|x64.Build.0 = DebugSingleThread|x64
		{9295BDF3-F9C8-9D40-8309-B14822005399}.ReleaseSingleThread|Win32.ActiveCfg = ReleaseSingleThread|Win32
		{9295BDF3-F9C8-9D40-8309-B14822005399}.ReleaseSingleThread|Win32.Build.0 = ReleaseSingleThread|Win32
		{9295BDF3-F9C8-9D40-8309-B14822005399}.ReleaseSingleThread|x64.ActiveCfg = ReleaseSingleThread|x64
		{9295BDF3-F9C8-9D40-8309-B14822005399}.ReleaseSingleThread|x64.Build.0 = ReleaseSingleThread|x64
		{9295BDF3-F9C8-9D40-8309-B14822005399}.DebugSingleThreadDynamic|Win32.ActiveCfg = DebugSingleThreadDynamic|Win32
		{9295BDF3-F9C8-9D40-8309-B14822005399}.DebugSingleThreadDynamic|Win32.Build.0 = DebugSingleThreadDynamic|Win32
		{9295BDF3-F9C8-9D40-8309-B14822005399}.DebugSingleThreadDynamic|x64.ActiveCfg = DebugSingleThreadDynamic|x64
		{9295BDF3-F9C8-9D40-8309-B14822005399}.DebugSingleThreadDynamic|x64.Build.0 = DebugSingleThreadDynamic|x64
		{9295BDF3-F9C8-9D40-8309-B14822005399}.ReleaseSingleThreadDynamic|Win32.ActiveCfg = ReleaseSingleThreadDynamic|Win32
		{9295BDF3-F9C8-9D40-8309-B14822005399}.ReleaseSingleThreadDynamic|Win32.Build.0 = ReleaseSingleThreadDynamic|Win32
		{9295BDF3-F9C8-9D40-8309-B14822005399}.ReleaseSingleThreadDynamic|x64.ActiveCfg = ReleaseSingleThreadDynamic|x64
		{9295BDF3-F9C8-9D40-8309-B14822005399}.ReleaseSingleThreadDynamic|x64.Build.0 = ReleaseSingleThreadDynamic|x64
		{7558CE1C-BA48-1D4D-A4A2-12E5084B4A79}.Debug|Win32.ActiveCfg = Debug|Win32
		{7558CE1C-BA48-1D4D-A4A2-12E5084B4A79}.Debug|Win32.Build.0 = Debug|Win32
		{7558CE1C-BA48-1D4D-A4A2-12E5084B4A79}.Debug|x64.ActiveCfg = Debug|x64
		{7558CE1C-BA48-1D4D-A4A2-12E5084B4A79}.Debug|x64.Build.0 = Debug|x64
		{7558CE1C-BA48-1D4D-A4A2-12E5084B4A79}.Release|Win32.ActiveCfg = Release|Win32
		{7558CE1C-BA48-1D4D-A4A2-12E5084B4A79}.Release|Win32.Build.0 = Release|Win32
		{7558CE1C-BA48-1D4D-A4A2-12E5084B4A79}.Release|x64.ActiveCfg = Release|x64
		{7558CE1C-BA48-1D4D-A4A2-12E5084B4A79}.Release|x64.Build.0 = Release|x64
		{7558CE1C-BA48-1D4D-A4A2-12E5084B4A79}.DebugDynamic|Win32.ActiveCfg = DebugDynamic|Win32
		{7558CE1C-BA48-1D4D-A4A2-12E5084B4A79}.DebugDynamic|Win32.Build.0 = DebugDynamic|Win32
		{7558CE1C-BA48-1D4D-A4A2-12E5084B4A79}.DebugDynamic|x64.ActiveCfg = DebugDynamic|x64
		{7558CE1C-BA48-1D4D-A4A2-12E5084B4A79}.DebugDynamic|x64.Build.0 = DebugDynamic|x64
		{7558CE1C-BA48-1D4D-A4A2-12E5084B4A79}.ReleaseDynamic|Win32.ActiveCfg = ReleaseDynamic|Win32
		{7558CE1C-BA48-1D4D-A4A2-12E5084B4A79}.ReleaseDynamic|Win32.Build.0 = ReleaseDynamic|Win32
		{7558CE1C-BA48-1D4D-A4A2-12E5084B4A79}.ReleaseDynamic|x64.ActiveCfg = ReleaseDynamic|x64
		{7558CE1C-BA48-1D4D-A4A2-12E5084B4A79}.ReleaseDynamic|x64.Build.0 = ReleaseDynamic|x64
		{7558CE1C-BA48-1D4D-A4A2-12E5084B4A79}.DebugSingleThread|Win32.ActiveCfg = DebugSingleThread|Win32
		{7558CE1C-BA48-1D4D-A4A2-12E5084B4A79}.DebugSingleThread|Win32.Build.0 = DebugSingleThread|Win32
		{7558CE1C-BA48-1D4D-A4A2-12E5084B4A79}.DebugSingleThread|x64.ActiveCfg = DebugSingleThread|x64
		{7558CE1C-BA48-1D4D-A4A2-12E5084B4A79}.DebugSingleThread|x64.Build.0 = DebugSingleThread|x64
		{7558CE1C-BA48-1D4D-A4A2-12E5084B4A79}.ReleaseSingleThread|Win32.ActiveCfg = ReleaseSingleThread|Win32
		{7558CE1C-BA48-1D4D-A4A2-12E5084B4A79}.ReleaseSingleThread|Win32.Build.0 = ReleaseSingleThread|Win32
		{7558CE1C-BA48-1D4D-A4A2-12E5084B4A79}.ReleaseSingleThread|x64.ActiveCfg = ReleaseSingleThread|x64
		{7558CE1C-BA48-1D4D-A4A2-12E5084B4A79}.ReleaseSingleThread|x64.Build.0 = ReleaseSingleThread|x64
		{7558CE1C-BA48-1D4D-A4A2-12E5084B4A79}.DebugSingleThreadDynamic|Win32.ActiveCfg = DebugSingleThreadDynamic|Win32
		{7558CE1C-BA48-1D4D-A4A2-12E5084B4A79}.DebugSingleThreadDynamic|Win32.Build.0 = DebugSingleThreadDynamic|Win32
		{7558CE1C-BA48-1D4D-A4A2-12E5084B4A79}.DebugSingleThreadDynamic|x64.ActiveCfg = DebugSingleThreadDynamic|x64
		{7558CE1C-BA48-1D4D-A4A2-12E5084B4A79}.DebugSingleThreadDynamic|x64.Build.0 = DebugSingleThreadDynamic|x64
		{7558CE1C-BA48-1D4D-A4A2-12E5084B4A79}.ReleaseSingleThreadDynamic|Win32.ActiveCfg = ReleaseSingleThreadDynamic|Win32
		{7558CE1C-BA48-1D4D-A4A2-12E5084B4A79}.ReleaseSingleThreadDynamic|Win32.Build.0 = ReleaseSingleThreadDynamic|Win32
		{7558CE1C-BA48-1D4D-A4A2-12E5084B4A79}.ReleaseSingleThreadDynamic|x64.ActiveCfg = ReleaseSingleThreadDynamic|x64
		{7558CE1C-BA48-1D4D-A4A2-12E5084B4A79}.ReleaseSingleThreadDynamic|x64.Build.0 = ReleaseSingleThreadDynamic|x64
		{C2C60DCC-94D7-6844-9CE3-7474B3D0B779}.Debug|Win32.ActiveCfg = Debug|Win32
		{C2C60DCC-94D7-6844-9CE3-7474B3D0B779}.Debug|Win32.Build.0 = Debug|Win32
		{C2C60DCC-94D7-6844-9CE3-7474B3D0B779}.Debug|x64.ActiveCfg = Debug|x64
		{C2C60DCC-94D7-6844-9CE3-7474B3D0B779}.Debug|x64.Build.0 = Debug|x64
		{C2C60DCC-94D7-6844-9CE3-7474B3D0B779}.Release|Win32.ActiveCfg = Release|Win32
		{C2C60DCC-94D7-6844-9CE3-7474B3D0B779}.Release|Win32.Build.0 = Release|Win32
		{C2C60DCC-94D7-6844-9CE3-7474B3D0B779}.Release|x64.ActiveCfg = Release|x64
		{C2C60DCC-94D7-6844-9CE3-7474B3D0B779}.Release|x64.Build.0 = Release|x64
		{C2C60DCC-94D7-6844-9CE3-7474B3D0B779}.DebugDynamic|Win32.ActiveCfg = DebugDynamic|Win32
		{C2C60DCC-94D7-6844-9CE3-7474B3D0B779}.DebugDynamic|Win32.Build.0 = DebugDynamic|Win32
		{C2C60DCC-94D7-6844-9CE3-7474B3D0B779}.DebugDynamic|x64.ActiveCfg = DebugDynamic|x64
		{C2C60DCC-94D7-6844-9CE3-7474B3D0B779}.DebugDynamic|x64.Build.0 = DebugDynamic|x64
		{C2C60DCC-94D7-6844-9CE3-7474B3D0B779}.ReleaseDynamic|Win32.ActiveCfg = ReleaseDynamic|Win32
		{C2C60DCC-94D7-6844-9CE3-7474B3D0B779}.ReleaseDynamic|Win32.Build.0 = ReleaseDynamic|Win32
		{C2C60DCC-94D7-6844-9CE3-7474B3D0B779}.ReleaseDynamic|x64.ActiveCfg = ReleaseDynamic|x64
		{C2C60DCC-94D7-6844-9CE3-7474B3D0B779}.ReleaseDynamic|x64.Build.0 = ReleaseDynamic|x64
		{C2C60DCC-94D7-6844-9CE3-7474B3D0B779}.DebugSingleThread|Win32.ActiveCfg = DebugSingleThread|Win32
		{C2C60DCC-94D7-6844-9CE3-7474B3D0B779}.DebugSingleThread|Win32.Build.0 = DebugSingleThread|Win32
		{C2C60DCC-94D7-6844-9CE3-7474B3D0B779}.DebugSingleThread|x64.ActiveCfg = DebugSingleThread|x64
		{C2C60DCC-94D7-6844-9CE3-7474B3D0B779}.DebugSingleThread|x64.Build.0 = DebugSingleThread|x64
		{C2C60DCC-94D7-6844-9CE3-7474B3D0B779}.ReleaseSingleThread|Win32.ActiveCfg = ReleaseSingleThread|Win32
		{C2C60DCC-94D7-6844-9CE3-7474B3D0B779}.ReleaseSingleThread|Win32.Build.0 = ReleaseSingleThread|Win32
		{C2C60DCC-94D7-6844-9CE3-7474B3D0B779}.ReleaseSingleThread|x64.ActiveCfg = ReleaseSingleThread|x64
		{C2C60DCC-94D7-6844-9CE3-7474B3D0B779}.ReleaseSingleThread|x64.Build.0 = ReleaseSingleThread|x64
		{C2C60DCC-94D7-6844-9CE3-7474B3D0B779}.DebugSingleThreadDynamic|Win32.ActiveCfg = DebugSingleThreadDynamic|Win32
		{C2C60DCC-94D7-6844-9CE3-7474B3D0B779}.DebugSingleThreadDynamic|Win32.Build.0 = DebugSingleThreadDynamic|Win32
		{C2C60DCC-94D7-6844-9CE3-7474B3D0B779}.DebugSingleThreadDynamic|x64.ActiveCfg = DebugSingleThreadDynamic|x64
		{C2C60DCC-94D7-6844-9CE3-7474B3D0B779}.DebugSingleThreadDynamic|x64.Build.0 = DebugSingleThreadDynamic|x64
		{C2C60DCC-94D7-6844-9CE3-7474B3D0B779}.ReleaseSingleThreadDynamic|Win32.ActiveCfg = ReleaseSingleThreadDynamic|Win32
		{C2C60DCC-94D7-6844-9CE3-7474B3D0B779}.ReleaseSingleThreadDynamic|Win32.Build.0 = ReleaseSingleThreadDynamic|Win32
		{C2C60DCC-94D7-6844-9CE3-7474B3D0B779}.ReleaseSingleThreadDynamic|x64.ActiveCfg = ReleaseSingleThreadDynamic|x64
		{C2C60DCC-94D7-6844-9CE3-7474B3D0B779}.ReleaseSingleThreadDynamic|x64.Build.0 = ReleaseSingleThreadDynamic|x64
		{828158DE-4121-3B4A-B2BF-BCB69D2CC709}.Debug|Win32.ActiveCfg = Debug|Win32
		{828158DE-4121-3B4A-B2BF-BCB69D2CC709}.Debug|Win32.Build.0 = Debug|Win32
		{828158DE-4121-3B4A-B2BF-BCB69D2CC709}.Debug|x64.ActiveCfg = Debug|x64
		{828158DE-4121-3B4A-B2BF-BCB69D2CC709}.Debug|x64.Build.0 = Debug|x64
		{828158DE-4121-3B4A-B2BF-BCB69D2CC709}.Release|Win32.ActiveCfg = Release|Win32
		{828158DE-4121-3B4A-B2BF-BCB69D2CC709}.Release|Win32.Build.0 = Release|Win32
		{828158DE-4121-3B4A-B2BF-BCB69D2CC709}.Release|x64.ActiveCfg = Release|x64
		{828158DE-4121-3B4A-B2BF-BCB69D2CC709}.Release|x64.Build.0 = Release|x64
		{828158DE-4121-3B4A-B2BF-BCB69D2CC709}.DebugDynamic|Win32.ActiveCfg = DebugDynamic|Win32
		{828158DE-4121-3B4A-B2BF-BCB69D2CC709}.DebugDynamic|Win32.Build.0 = DebugDynamic|Win32
		{828158DE-4121-3B4A-B2BF-BCB69D2CC709}.DebugDynamic|x64.ActiveCfg = DebugDynamic|x64
		{828158DE-4121-3B4A-B2BF-BCB69D2CC709}.DebugDynamic|x64.Build.0 = DebugDynamic|x64
		{828158DE-4121-3B4A-B2BF-BCB69D2CC709}.ReleaseDynamic|Win32.ActiveCfg = ReleaseDynamic|Win32
		{828158DE-4121-3B4A-B2BF-BCB69D2CC709}.ReleaseDynamic|Win32.Build.0 = ReleaseDynamic|Win32
		{828158DE-4121-3B4A-B2BF-BCB69D2CC709}.ReleaseDynamic|x64.ActiveCfg = ReleaseDynamic|x64
		{828158DE-4121-3B4A-B2BF-BCB69D2CC709}.ReleaseDynamic|x64.Build.0 = ReleaseDynamic|x64
		{828158DE-4121-3B4A-B2BF-BCB69D2CC709}.DebugSingleThread|Win32.ActiveCfg = DebugSingleThread|Win32
		{828158DE-4121-3B4A-B2BF-BCB69D2CC709}.DebugSingleThread|Win32.Build.0 = DebugSingleThread|Win32
		{828158DE-4121-3B4A-B2BF-BCB69D2CC709}.DebugSingleThread|x64.ActiveCfg = DebugSingleThread|x64
		{828158DE-4121-3B4A-B2BF-BCB69D2CC709}.DebugSingleThread|x64.Build.0 = DebugSingleThread|x64
		{828158DE-4121-3B4A-B2BF-BCB69D2CC709}.ReleaseSingleThread|Win32.ActiveCfg = ReleaseSingleThread|Win32
		{828158DE-4121-3B4A-B2BF-BCB69D2CC709}.ReleaseSingleThread|Win32.Build.0 = ReleaseSingleThread|Win32
		{828158DE-4121-3B4A-B2BF-BCB69D2CC709}.ReleaseSingleThread|x64.ActiveCfg = ReleaseSingleThread|x64
		{828158DE-4121-3B4A-B2BF-BCB69D2CC709}.ReleaseSingleThread|x64.Build.0 = ReleaseSingleThread|x64
		{828158DE-4121-3B4A-B2BF-BCB69D2CC709}.DebugSingleThreadDynamic|Win32.ActiveCfg = DebugSingleThreadDynamic|Win32
		{828158DE-4121-3B4A-B2BF-BCB69D2CC709}.DebugSingleThreadDynamic|Win32.Build.0 = DebugSingleThreadDynamic|Win32
		{828158DE-4121-3B4A-B2BF-BCB69D2CC709}.DebugSingleThreadDynamic|x64.ActiveCfg = DebugSingleThreadDynamic|x64
		{828158DE-4121-3B4A-B2BF-BCB69D2CC709}.DebugSingleThreadDynamic|x64.Build.0 = DebugSingleThreadDynamic|x64
		{828158DE-4121-3B4A-B2BF-BCB69D2CC709}.ReleaseSingleThreadDynamic|Win32.ActiveCfg = ReleaseSingleThreadDynamic|Win32
		{828158DE-4121-3B4A-B2BF-BCB69D2CC709}.ReleaseSingleThreadDynamic|Win32.Build.0 = ReleaseSingleThreadDynamic|Win32
		{828158DE-4121-3B4A-B2BF-BCB69D2CC709}.ReleaseSingleThreadDynamic|x64.ActiveCfg = ReleaseSingleThreadDynamic|x64
		{828158DE-4121-3B4A-B2BF-BCB69D2CC709}.ReleaseSingleThreadDynamic|x64.Build.0 = ReleaseSingleThreadDynamic|x64
		{FE61FDB2-CC85-6C42-A00C-D2D958D30420}.Debug|Win32.ActiveCfg = Debug|Win32
		{FE61FDB2-CC85-6C42-A00C-D2D958D30420}.Debug|Win32.Build.0 = Debug|Win32
		{FE61FDB2-CC85-6C42-A00C-D2D958D30420}.Debug|x64.ActiveCfg = Debug|x64
		{FE61FDB2-CC85-6C42-A00C-D2D958D30420}.Debug|x64.Build.0 = Debug|x64
		{FE61FDB2-CC85-6C42-A00C-D2D958D30420}.Release|Win32.ActiveCfg = Release|Win32
		{FE61FDB2-CC85-6C42-A00C-D2D958D30420}.Release|Win32.Build.0 = Release|Win32
		{FE61FDB2-CC85-6C42-A00C-D2D958D30420}.Release|x64.ActiveCfg = Release|x64
		{FE61FDB2-CC85-6C42-A00C-D2D958D30420}.Release|x64.Build.0 = Release|x64
		{FE61FDB2-CC85-6C42-A00C-D2D958D30420}.DebugDynamic|Win32.ActiveCfg = DebugDynamic|Win32
		{FE61FDB2-CC85-6C42-A00C-D2D958D30420}.DebugDynamic|Win32.Build.0 = DebugDynamic|Win32
		{FE61FDB2-CC85-6C42-A00C-D2D958D30420}.DebugDynamic|x64.ActiveCfg = DebugDynamic|x64
		{FE61FDB2-CC85-6C42-A00C-D2D958D30420}.DebugDynamic|x64.Build.0 = DebugDynamic|x64
		{FE61FDB2-CC85-6C42-A00C-D2D958D30420}.ReleaseDynamic|Win32.ActiveCfg = ReleaseDynamic|Win32
		{FE61FDB2-CC85-6C42-A00C-D2D958D30420}.ReleaseDynamic|Win32.Build.0 = ReleaseDynamic|Win32
		{FE61FDB2-CC85-6C42-A00C-D2D958D30420}.ReleaseDynamic|x64.ActiveCfg = ReleaseDynamic|x64
		{FE61FDB2-CC85-6C42-A00C-D2D958D30420}.ReleaseDynamic|x64.Build.0 = ReleaseDynamic|x64
		{FE61FDB2-CC85-6C42-A00C-D2D958D30420}.DebugSingleThread|Win32.ActiveCfg = DebugSingleThread|Win32
		{FE61FDB2-CC85-6C42-A00C-D2D958D30420}.DebugSingleThread|Win32.Build.0 = DebugSingleThread|Win32
		{FE61FDB2-CC85-6C42-A00C-D2D958D30420}.DebugSingleThread|x64.ActiveCfg = DebugSingleThread|x64
		{FE61FDB2-CC85-6C42-A00C-D2D958D30420}.DebugSingleThread|x64.Build.0 = DebugSingleThread|x64
		{FE61FDB2-CC85-6C42-A00C-D2D958D30420}.ReleaseSingleThread|Win32.ActiveCfg = ReleaseSingleThread|Win32
		{FE61FDB2-CC85-6C42-A00C-D2D958D30420}.ReleaseSingleThread|Win32.Build.0 = ReleaseSingleThread|Win32
		{FE61FDB2-CC85-6C42-A00C-D2D958D30420}.ReleaseSingleThread|x64.ActiveCfg = ReleaseSingleThread|x64
		{FE61FDB2-CC85-6C42-A00C-D2D958D30420}.ReleaseSingleThread|x64.Build.0 = ReleaseSingleThread|x64
		{FE61FDB2-CC85-6C42-A00C-D2D958D30420}.DebugSingleThreadDynamic|Win32.ActiveCfg = DebugSingleThreadDynamic|Win32
		{FE61FDB2-CC85-6C42-A00C-D2D958D30420}.DebugSingleThreadDynamic|Win32.Build.0 = DebugSingleThreadDynamic|Win32
		{FE61FDB2-CC85-6C42-A00C-D2D958D30420}.DebugSingleThreadDynamic|x64.ActiveCfg = DebugSingleThreadDynamic|x64
		{FE61FDB2-CC85-6C42-A00C-D2D958D30420}.DebugSingleThreadDynamic|x64.Build.0 = DebugSingleThreadDynamic|x64
		{FE61FDB2-CC85-6C42-A00C-D2D958D30420}.ReleaseSingleThreadDynamic|Win32.ActiveCfg = ReleaseSingleThreadDynamic|Win32
		{FE61FDB2-CC85-6C42-A00C-D2D958D30420}.ReleaseSingleThreadDynamic|Win32.Build.0 = ReleaseSingleThreadDynamic|Win32
		{FE61FDB2-CC85-6C42-A00C-D2D958D30420}.ReleaseSingleThreadDynamic|x64.ActiveCfg = ReleaseSingleThreadDynamic|x64
		{FE61FDB2-CC85-6C42-A00C-D2D958D30420}.ReleaseSingleThreadDynamic|x64.Build.0 = ReleaseSingleThreadDynamic|x64
	EndGlobalSection
	GlobalSection(SolutionProperties) = preSolution
		HideSolutionNode = FALSE
	EndGlobalSection
EndGlobal
